
Microsoft Visual Studio Solution File, Format Version 12.00
# Visual Studio Version 16
VisualStudioVersion = 16.0.29418.71
MinimumVisualStudioVersion = 10.0.40219.1
Project("{9A19103F-16F7-4668-BE54-9A1E7A4F7556}") = "CoreNative.Base", "CoreNative.Base\CoreNative.Base.csproj", "{199DF6A8-082A-42FA-9ABD-87DADC5314BF}"
EndProject
Project("{9A19103F-16F7-4668-BE54-9A1E7A4F7556}") = "CoreNative.ArticleManagement.DataAccess", "CoreNative.ArticleManagement.DataAccess\CoreNative.ArticleManagement.DataAccess.csproj", "{EE1D7A2F-3870-41A6-9FB9-BA7F7C8F0894}"
EndProject
Project("{9A19103F-16F7-4668-BE54-9A1E7A4F7556}") = "CoreNative.ArticleManagement.Entities", "CoreNative.ArticleManagement.Entities\CoreNative.ArticleManagement.Entities.csproj", "{30AC7B45-5A5D-4BFC-A0D9-2AA50F2C69E2}"
EndProject
Project("{9A19103F-16F7-4668-BE54-9A1E7A4F7556}") = "CoreNative.ArticleManagement.Business", "CoreNative.ArticleManagement.Business\CoreNative.ArticleManagement.Business.csproj", "{488C9A93-B849-43BB-814D-1270622DCE0B}"
EndProject
Project("{9A19103F-16F7-4668-BE54-9A1E7A4F7556}") = "CoreNative.ArticleManagement.Api", "CoreNative.ArticleManagement.Api\CoreNative.ArticleManagement.Api.csproj", "{861119D8-BA6D-4432-A96C-595A165816C9}"
EndProject
Global
	GlobalSection(SolutionConfigurationPlatforms) = preSolution
		Debug|Any CPU = Debug|Any CPU
		Release|Any CPU = Release|Any CPU
	EndGlobalSection
	GlobalSection(ProjectConfigurationPlatforms) = postSolution
		{199DF6A8-082A-42FA-9ABD-87DADC5314BF}.Debug|Any CPU.ActiveCfg = Debug|Any CPU
		{199DF6A8-082A-42FA-9ABD-87DADC5314BF}.Debug|Any CPU.Build.0 = Debug|Any CPU
		{199DF6A8-082A-42FA-9ABD-87DADC5314BF}.Release|Any CPU.ActiveCfg = Release|Any CPU
		{199DF6A8-082A-42FA-9ABD-87DADC5314BF}.Release|Any CPU.Build.0 = Release|Any CPU
		{EE1D7A2F-3870-41A6-9FB9-BA7F7C8F0894}.Debug|Any CPU.ActiveCfg = Debug|Any CPU
		{EE1D7A2F-3870-41A6-9FB9-BA7F7C8F0894}.Debug|Any CPU.Build.0 = Debug|Any CPU
		{EE1D7A2F-3870-41A6-9FB9-BA7F7C8F0894}.Release|Any CPU.ActiveCfg = Release|Any CPU
		{EE1D7A2F-3870-41A6-9FB9-BA7F7C8F0894}.Release|Any CPU.Build.0 = Release|Any CPU
		{30AC7B45-5A5D-4BFC-A0D9-2AA50F2C69E2}.Debug|Any CPU.ActiveCfg = Debug|Any CPU
		{30AC7B45-5A5D-4BFC-A0D9-2AA50F2C69E2}.Debug|Any CPU.Build.0 = Debug|Any CPU
		{30AC7B45-5A5D-4BFC-A0D9-2AA50F2C69E2}.Release|Any CPU.ActiveCfg = Release|Any CPU
		{30AC7B45-5A5D-4BFC-A0D9-2AA50F2C69E2}.Release|Any CPU.Build.0 = Release|Any CPU
		{488C9A93-B849-43BB-814D-1270622DCE0B}.Debug|Any CPU.ActiveCfg = Debug|Any CPU
		{488C9A93-B849-43BB-814D-1270622DCE0B}.Debug|Any CPU.Build.0 = Debug|Any CPU
		{488C9A93-B849-43BB-814D-1270622DCE0B}.Release|Any CPU.ActiveCfg = Release|Any CPU
		{488C9A93-B849-43BB-814D-1270622DCE0B}.Release|Any CPU.Build.0 = Release|Any CPU
		{861119D8-BA6D-4432-A96C-595A165816C9}.Debug|Any CPU.ActiveCfg = Debug|Any CPU
		{861119D8-BA6D-4432-A96C-595A165816C9}.Debug|Any CPU.Build.0 = Debug|Any CPU
		{861119D8-BA6D-4432-A96C-595A165816C9}.Release|Any CPU.ActiveCfg = Release|Any CPU
		{861119D8-BA6D-4432-A96C-595A165816C9}.Release|Any CPU.Build.0 = Release|Any CPU
	EndGlobalSection
	GlobalSection(SolutionProperties) = preSolution
		HideSolutionNode = FALSE
	EndGlobalSection
	GlobalSection(ExtensibilityGlobals) = postSolution
		SolutionGuid = {DAC17361-4501-40F6-86B2-1FB916B61760}
	EndGlobalSection
EndGlobal
